
Microsoft Visual Studio Solution File, Format Version 12.00
# Visual Studio 15
VisualStudioVersion = 15.0.28307.572
MinimumVisualStudioVersion = 10.0.40219.1
Project("{9A19103F-16F7-4668-BE54-9A1E7A4F7556}") = "BlogSpot", "BlogSpot\BlogSpot.csproj", "{0F7C2692-14EB-407C-BE2F-27A0455CFFCC}"
EndProject
Project("{9A19103F-16F7-4668-BE54-9A1E7A4F7556}") = "BlogSpot.Tests", "BlogSpot.Tests\BlogSpot.Tests.csproj", "{32450280-7620-447C-8121-DBC444FA2A2B}"
EndProject
Global
	GlobalSection(SolutionConfigurationPlatforms) = preSolution
		Debug|Any CPU = Debug|Any CPU
		Release|Any CPU = Release|Any CPU
	EndGlobalSection
	GlobalSection(ProjectConfigurationPlatforms) = postSolution
		{0F7C2692-14EB-407C-BE2F-27A0455CFFCC}.Debug|Any CPU.ActiveCfg = Debug|Any CPU
		{0F7C2692-14EB-407C-BE2F-27A0455CFFCC}.Debug|Any CPU.Build.0 = Debug|Any CPU
		{0F7C2692-14EB-407C-BE2F-27A0455CFFCC}.Release|Any CPU.ActiveCfg = Release|Any CPU
		{0F7C2692-14EB-407C-BE2F-27A0455CFFCC}.Release|Any CPU.Build.0 = Release|Any CPU
		{32450280-7620-447C-8121-DBC444FA2A2B}.Debug|Any CPU.ActiveCfg = Debug|Any CPU
		{32450280-7620-447C-8121-DBC444FA2A2B}.Debug|Any CPU.Build.0 = Debug|Any CPU
		{32450280-7620-447C-8121-DBC444FA2A2B}.Release|Any CPU.ActiveCfg = Release|Any CPU
		{32450280-7620-447C-8121-DBC444FA2A2B}.Release|Any CPU.Build.0 = Release|Any CPU
	EndGlobalSection
	GlobalSection(SolutionProperties) = preSolution
		HideSolutionNode = FALSE
	EndGlobalSection
	GlobalSection(ExtensibilityGlobals) = postSolution
		SolutionGuid = {4171BB5C-F5E2-40E8-881D-4FEB3870B961}
	EndGlobalSection
EndGlobal
